// !$*UTF8*$!
{
	archiveVersion = 1;
	classes = {
	};
	objectVersion = 46;
	objects = {

/* Begin PBXFileReference section */
		1E706E5C1541C4F700C825E9 /* app.js */ = {isa = PBXFileReference; lastKnownFileType = sourcecode.javascript; path = app.js; sourceTree = "<group>"; };
		1E706E5D1541C4F700C825E9 /* package.json */ = {isa = PBXFileReference; lastKnownFileType = text.json; path = package.json; sourceTree = "<group>"; };
		1E706E621541C4F700C825E9 /* style.css */ = {isa = PBXFileReference; lastKnownFileType = text.css; path = style.css; sourceTree = "<group>"; };
		1E706E641541C4F700C825E9 /* index.js */ = {isa = PBXFileReference; lastKnownFileType = sourcecode.javascript; path = index.js; sourceTree = "<group>"; };
		1E706E661541C4F700C825E9 /* index.jade */ = {isa = PBXFileReference; lastKnownFileType = text; path = index.jade; sourceTree = "<group>"; };
		1E706E671541C4F700C825E9 /* layout.jade */ = {isa = PBXFileReference; lastKnownFileType = text; path = layout.jade; sourceTree = "<group>"; };
		1ECFB73D1544633A00EB6ACE /* examination.jade */ = {isa = PBXFileReference; fileEncoding = 4; lastKnownFileType = text; path = examination.jade; sourceTree = "<group>"; };
		1ED05FBB1543A1F2005D22D1 /* env.json */ = {isa = PBXFileReference; lastKnownFileType = text.json; path = env.json; sourceTree = "<group>"; };
		1ED05FC21543ACC8005D22D1 /* mocha.opts */ = {isa = PBXFileReference; lastKnownFileType = text; path = mocha.opts; sourceTree = "<group>"; };
		1ED05FC41543ACC8005D22D1 /* http.js */ = {isa = PBXFileReference; lastKnownFileType = sourcecode.javascript; path = http.js; sourceTree = "<group>"; };
		1ED05FC51543ACF9005D22D1 /* examniantion.js */ = {isa = PBXFileReference; lastKnownFileType = sourcecode.javascript; path = examniantion.js; sourceTree = "<group>"; };
		1ED16BD31550488000199343 /* record.js */ = {isa = PBXFileReference; lastKnownFileType = sourcecode.javascript; path = record.js; sourceTree = "<group>"; };
		1ED41AB21542E14C00794403 /* mysql.js */ = {isa = PBXFileReference; lastKnownFileType = sourcecode.javascript; path = mysql.js; sourceTree = "<group>"; };
		9111FD2515465C990088F328 /* submit.js */ = {isa = PBXFileReference; lastKnownFileType = sourcecode.javascript; path = submit.js; sourceTree = "<group>"; };
		9121C5BE155CC40F00C787D4 /* eventproxy.js */ = {isa = PBXFileReference; lastKnownFileType = sourcecode.javascript; name = eventproxy.js; path = lib/eventproxy.js; sourceTree = "<group>"; };
		9121C5BF155CC40F00C787D4 /* log.js */ = {isa = PBXFileReference; lastKnownFileType = sourcecode.javascript; name = log.js; path = lib/log.js; sourceTree = "<group>"; };
		91CBD4FD155B934800F58A5E /* bar.png */ = {isa = PBXFileReference; lastKnownFileType = image.png; path = bar.png; sourceTree = "<group>"; };
		91CBD4FE155B934800F58A5E /* buttonbg.png */ = {isa = PBXFileReference; lastKnownFileType = image.png; path = buttonbg.png; sourceTree = "<group>"; };
		91CBD4FF155B934800F58A5E /* buttonbgHover.png */ = {isa = PBXFileReference; lastKnownFileType = image.png; path = buttonbgHover.png; sourceTree = "<group>"; };
		91CBD500155B934800F58A5E /* loginArrow.png */ = {isa = PBXFileReference; lastKnownFileType = image.png; path = loginArrow.png; sourceTree = "<group>"; };
		91CBD501155B934800F58A5E /* loginbuttonbg.png */ = {isa = PBXFileReference; lastKnownFileType = image.png; path = loginbuttonbg.png; sourceTree = "<group>"; };
		91CBD503155B941300F58A5E /* login.js */ = {isa = PBXFileReference; lastKnownFileType = sourcecode.javascript; path = login.js; sourceTree = "<group>"; };
/* End PBXFileReference section */

/* Begin PBXGroup section */
		1E706E531541C45C00C825E9 = {
			isa = PBXGroup;
			children = (
				9121C5BD155CC40200C787D4 /* lib */,
				1ED05FBB1543A1F2005D22D1 /* env.json */,
				1E706E5C1541C4F700C825E9 /* app.js */,
				1E706E5D1541C4F700C825E9 /* package.json */,
				1E706E5E1541C4F700C825E9 /* public */,
				1E706E631541C4F700C825E9 /* routes */,
				1E706E651541C4F700C825E9 /* views */,
				1ED05FBD1543AB2D005D22D1 /* test */,
			);
			sourceTree = "<group>";
		};
		1E706E5E1541C4F700C825E9 /* public */ = {
			isa = PBXGroup;
			children = (
				1E706E5F1541C4F700C825E9 /* images */,
				1E706E601541C4F700C825E9 /* javascripts */,
				1E706E611541C4F700C825E9 /* stylesheets */,
			);
			path = public;
			sourceTree = "<group>";
		};
		1E706E5F1541C4F700C825E9 /* images */ = {
			isa = PBXGroup;
			children = (
				91CBD4FD155B934800F58A5E /* bar.png */,
				91CBD4FE155B934800F58A5E /* buttonbg.png */,
				91CBD4FF155B934800F58A5E /* buttonbgHover.png */,
				91CBD500155B934800F58A5E /* loginArrow.png */,
				91CBD501155B934800F58A5E /* loginbuttonbg.png */,
			);
			path = images;
			sourceTree = "<group>";
		};
		1E706E601541C4F700C825E9 /* javascripts */ = {
			isa = PBXGroup;
			children = (
				91CBD503155B941300F58A5E /* login.js */,
				9111FD2515465C990088F328 /* submit.js */,
			);
			path = javascripts;
			sourceTree = "<group>";
		};
		1E706E611541C4F700C825E9 /* stylesheets */ = {
			isa = PBXGroup;
			children = (
				1E706E621541C4F700C825E9 /* style.css */,
			);
			path = stylesheets;
			sourceTree = "<group>";
		};
		1E706E631541C4F700C825E9 /* routes */ = {
			isa = PBXGroup;
			children = (
				1E706E641541C4F700C825E9 /* index.js */,
				1ED41AB21542E14C00794403 /* mysql.js */,
			);
			path = routes;
			sourceTree = "<group>";
		};
		1E706E651541C4F700C825E9 /* views */ = {
			isa = PBXGroup;
			children = (
				1E706E661541C4F700C825E9 /* index.jade */,
				1E706E671541C4F700C825E9 /* layout.jade */,
				1ECFB73D1544633A00EB6ACE /* examination.jade */,
			);
			path = views;
			sourceTree = "<group>";
		};
		1ED05FBD1543AB2D005D22D1 /* test */ = {
			isa = PBXGroup;
			children = (
				1ED05FC21543ACC8005D22D1 /* mocha.opts */,
				1ED05FC31543ACC8005D22D1 /* support */,
				1ED05FC51543ACF9005D22D1 /* examniantion.js */,
				1ED16BD31550488000199343 /* record.js */,
			);
			path = test;
			sourceTree = "<group>";
		};
		1ED05FC31543ACC8005D22D1 /* support */ = {
			isa = PBXGroup;
			children = (
				1ED05FC41543ACC8005D22D1 /* http.js */,
			);
			path = support;
			sourceTree = "<group>";
		};
		9121C5BD155CC40200C787D4 /* lib */ = {
			isa = PBXGroup;
			children = (
				9121C5BE155CC40F00C787D4 /* eventproxy.js */,
				9121C5BF155CC40F00C787D4 /* log.js */,
			);
			name = lib;
			sourceTree = "<group>";
		};
/* End PBXGroup section */

/* Begin PBXProject section */
		1E706E551541C45C00C825E9 /* Project object */ = {
			isa = PBXProject;
			attributes = {
				LastUpgradeCheck = 0430;
			};
			buildConfigurationList = 1E706E581541C45C00C825E9 /* Build configuration list for PBXProject "eEducation" */;
			compatibilityVersion = "Xcode 3.2";
			developmentRegion = English;
			hasScannedForEncodings = 0;
			knownRegions = (
				en,
			);
			mainGroup = 1E706E531541C45C00C825E9;
			productRefGroup = 1E706E531541C45C00C825E9;
			projectDirPath = "";
			projectRoot = "";
			targets = (
			);
		};
/* End PBXProject section */

/* Begin XCBuildConfiguration section */
		1E706E5A1541C45C00C825E9 /* Debug */ = {
			isa = XCBuildConfiguration;
			buildSettings = {
			};
			name = Debug;
		};
		1E706E5B1541C45C00C825E9 /* Release */ = {
			isa = XCBuildConfiguration;
			buildSettings = {
			};
			name = Release;
		};
/* End XCBuildConfiguration section */

/* Begin XCConfigurationList section */
		1E706E581541C45C00C825E9 /* Build configuration list for PBXProject "eEducation" */ = {
			isa = XCConfigurationList;
			buildConfigurations = (
				1E706E5A1541C45C00C825E9 /* Debug */,
				1E706E5B1541C45C00C825E9 /* Release */,
			);
			defaultConfigurationIsVisible = 0;
			defaultConfigurationName = Release;
		};
/* End XCConfigurationList section */
	};
	rootObject = 1E706E551541C45C00C825E9 /* Project object */;
}
